// !$*UTF8*$!
{
	archiveVersion = 1;
	classes = {
	};
	objectVersion = 46;
	objects = {

/* Begin PBXBuildFile section */
		B32383081E78C9E90080D115 /* GameEffects.sks in Resources */ = {isa = PBXBuildFile; fileRef = B32383071E78C9E90080D115 /* GameEffects.sks */; };
		B3677C061E761E5F00FB4933 /* Obstacle.sks in Resources */ = {isa = PBXBuildFile; fileRef = B3677C051E761E5F00FB4933 /* Obstacle.sks */; };
		B3677C081E762A4200FB4933 /* MSButtonNode.swift in Sources */ = {isa = PBXBuildFile; fileRef = B3677C071E762A4200FB4933 /* MSButtonNode.swift */; };
		B37D98901E74D20B003EC4E9 /* AppDelegate.swift in Sources */ = {isa = PBXBuildFile; fileRef = B37D988F1E74D20B003EC4E9 /* AppDelegate.swift */; };
		B37D98921E74D20B003EC4E9 /* GameScene.sks in Resources */ = {isa = PBXBuildFile; fileRef = B37D98911E74D20B003EC4E9 /* GameScene.sks */; };
		B37D98941E74D20B003EC4E9 /* Actions.sks in Resources */ = {isa = PBXBuildFile; fileRef = B37D98931E74D20B003EC4E9 /* Actions.sks */; };
		B37D98961E74D20B003EC4E9 /* GameScene.swift in Sources */ = {isa = PBXBuildFile; fileRef = B37D98951E74D20B003EC4E9 /* GameScene.swift */; };
		B37D98981E74D20B003EC4E9 /* GameViewController.swift in Sources */ = {isa = PBXBuildFile; fileRef = B37D98971E74D20B003EC4E9 /* GameViewController.swift */; };
		B37D989B1E74D20B003EC4E9 /* Main.storyboard in Resources */ = {isa = PBXBuildFile; fileRef = B37D98991E74D20B003EC4E9 /* Main.storyboard */; };
		B37D989D1E74D20B003EC4E9 /* Assets.xcassets in Resources */ = {isa = PBXBuildFile; fileRef = B37D989C1E74D20B003EC4E9 /* Assets.xcassets */; };
		B37D98A01E74D20B003EC4E9 /* LaunchScreen.storyboard in Resources */ = {isa = PBXBuildFile; fileRef = B37D989E1E74D20B003EC4E9 /* LaunchScreen.storyboard */; };
		B37D98AA1E74D294003EC4E9 /* sfx_flap.caf in Resources */ = {isa = PBXBuildFile; fileRef = B37D98A81E74D294003EC4E9 /* sfx_flap.caf */; };
		B37D98AB1E74D294003EC4E9 /* sfx_goal.caf in Resources */ = {isa = PBXBuildFile; fileRef = B37D98A91E74D294003EC4E9 /* sfx_goal.caf */; };
		B37D98AD1E74D3F2003EC4E9 /* Hero.sks in Resources */ = {isa = PBXBuildFile; fileRef = B37D98AC1E74D3F2003EC4E9 /* Hero.sks */; };
		B37D98AF1E74DAF3003EC4E9 /* CGFloat+Extensions.swift in Sources */ = {isa = PBXBuildFile; fileRef = B37D98AE1E74DAF3003EC4E9 /* CGFloat+Extensions.swift */; };
/* End PBXBuildFile section */

/* Begin PBXFileReference section */
		B32383071E78C9E90080D115 /* GameEffects.sks */ = {isa = PBXFileReference; lastKnownFileType = file.sks; path = GameEffects.sks; sourceTree = "<group>"; };
		B3677C051E761E5F00FB4933 /* Obstacle.sks */ = {isa = PBXFileReference; lastKnownFileType = file.sks; path = Obstacle.sks; sourceTree = "<group>"; };
		B3677C071E762A4200FB4933 /* MSButtonNode.swift */ = {isa = PBXFileReference; fileEncoding = 4; lastKnownFileType = sourcecode.swift; path = MSButtonNode.swift; sourceTree = "<group>"; };
		B37D988C1E74D20B003EC4E9 /* HoppyBunny.app */ = {isa = PBXFileReference; explicitFileType = wrapper.application; includeInIndex = 0; path = HoppyBunny.app; sourceTree = BUILT_PRODUCTS_DIR; };
		B37D988F1E74D20B003EC4E9 /* AppDelegate.swift */ = {isa = PBXFileReference; lastKnownFileType = sourcecode.swift; path = AppDelegate.swift; sourceTree = "<group>"; };
		B37D98911E74D20B003EC4E9 /* GameScene.sks */ = {isa = PBXFileReference; lastKnownFileType = file.sks; path = GameScene.sks; sourceTree = "<group>"; };
		B37D98931E74D20B003EC4E9 /* Actions.sks */ = {isa = PBXFileReference; lastKnownFileType = file.sks; path = Actions.sks; sourceTree = "<group>"; };
		B37D98951E74D20B003EC4E9 /* GameScene.swift */ = {isa = PBXFileReference; lastKnownFileType = sourcecode.swift; path = GameScene.swift; sourceTree = "<group>"; };
		B37D98971E74D20B003EC4E9 /* GameViewController.swift */ = {isa = PBXFileReference; lastKnownFileType = sourcecode.swift; path = GameViewController.swift; sourceTree = "<group>"; };
		B37D989A1E74D20B003EC4E9 /* Base */ = {isa = PBXFileReference; lastKnownFileType = file.storyboard; name = Base; path = Base.lproj/Main.storyboard; sourceTree = "<group>"; };
		B37D989C1E74D20B003EC4E9 /* Assets.xcassets */ = {isa = PBXFileReference; lastKnownFileType = folder.assetcatalog; path = Assets.xcassets; sourceTree = "<group>"; };
		B37D989F1E74D20B003EC4E9 /* Base */ = {isa = PBXFileReference; lastKnownFileType = file.storyboard; name = Base; path = Base.lproj/LaunchScreen.storyboard; sourceTree = "<group>"; };
		B37D98A11E74D20B003EC4E9 /* Info.plist */ = {isa = PBXFileReference; lastKnownFileType = text.plist.xml; path = Info.plist; sourceTree = "<group>"; };
		B37D98A81E74D294003EC4E9 /* sfx_flap.caf */ = {isa = PBXFileReference; lastKnownFileType = file; path = sfx_flap.caf; sourceTree = "<group>"; };
		B37D98A91E74D294003EC4E9 /* sfx_goal.caf */ = {isa = PBXFileReference; lastKnownFileType = file; path = sfx_goal.caf; sourceTree = "<group>"; };
		B37D98AC1E74D3F2003EC4E9 /* Hero.sks */ = {isa = PBXFileReference; lastKnownFileType = file.sks; path = Hero.sks; sourceTree = "<group>"; };
		B37D98AE1E74DAF3003EC4E9 /* CGFloat+Extensions.swift */ = {isa = PBXFileReference; fileEncoding = 4; lastKnownFileType = sourcecode.swift; path = "CGFloat+Extensions.swift"; sourceTree = "<group>"; };
/* End PBXFileReference section */

/* Begin PBXFrameworksBuildPhase section */
		B37D98891E74D20A003EC4E9 /* Frameworks */ = {
			isa = PBXFrameworksBuildPhase;
			buildActionMask = 2147483647;
			files = (
			);
			runOnlyForDeploymentPostprocessing = 0;
		};
/* End PBXFrameworksBuildPhase section */

/* Begin PBXGroup section */
		B37D98831E74D20A003EC4E9 = {
			isa = PBXGroup;
			children = (
				B37D988E1E74D20B003EC4E9 /* HoppyBunny */,
				B37D988D1E74D20B003EC4E9 /* Products */,
			);
			sourceTree = "<group>";
		};
		B37D988D1E74D20B003EC4E9 /* Products */ = {
			isa = PBXGroup;
			children = (
				B37D988C1E74D20B003EC4E9 /* HoppyBunny.app */,
			);
			name = Products;
			sourceTree = "<group>";
		};
		B37D988E1E74D20B003EC4E9 /* HoppyBunny */ = {
			isa = PBXGroup;
			children = (
				B37D988F1E74D20B003EC4E9 /* AppDelegate.swift */,
				B37D98911E74D20B003EC4E9 /* GameScene.sks */,
				B37D98AC1E74D3F2003EC4E9 /* Hero.sks */,
				B37D98931E74D20B003EC4E9 /* Actions.sks */,
				B3677C051E761E5F00FB4933 /* Obstacle.sks */,
				B32383071E78C9E90080D115 /* GameEffects.sks */,
				B37D98AE1E74DAF3003EC4E9 /* CGFloat+Extensions.swift */,
				B3677C071E762A4200FB4933 /* MSButtonNode.swift */,
				B37D98951E74D20B003EC4E9 /* GameScene.swift */,
				B37D98971E74D20B003EC4E9 /* GameViewController.swift */,
				B37D98991E74D20B003EC4E9 /* Main.storyboard */,
				B37D989C1E74D20B003EC4E9 /* Assets.xcassets */,
				B37D98A71E74D294003EC4E9 /* SFX */,
				B37D989E1E74D20B003EC4E9 /* LaunchScreen.storyboard */,
				B37D98A11E74D20B003EC4E9 /* Info.plist */,
			);
			path = HoppyBunny;
			sourceTree = "<group>";
		};
		B37D98A71E74D294003EC4E9 /* SFX */ = {
			isa = PBXGroup;
			children = (
				B37D98A81E74D294003EC4E9 /* sfx_flap.caf */,
				B37D98A91E74D294003EC4E9 /* sfx_goal.caf */,
			);
			path = SFX;
			sourceTree = "<group>";
		};
/* End PBXGroup section */

/* Begin PBXNativeTarget section */
		B37D988B1E74D20A003EC4E9 /* HoppyBunny */ = {
			isa = PBXNativeTarget;
			buildConfigurationList = B37D98A41E74D20B003EC4E9 /* Build configuration list for PBXNativeTarget "HoppyBunny" */;
			buildPhases = (
				B37D98881E74D20A003EC4E9 /* Sources */,
				B37D98891E74D20A003EC4E9 /* Frameworks */,
				B37D988A1E74D20A003EC4E9 /* Resources */,
			);
			buildRules = (
			);
			dependencies = (
			);
			name = HoppyBunny;
			productName = HoppyBunny;
			productReference = B37D988C1E74D20B003EC4E9 /* HoppyBunny.app */;
			productType = "com.apple.product-type.application";
		};
/* End PBXNativeTarget section */

/* Begin PBXProject section */
		B37D98841E74D20A003EC4E9 /* Project object */ = {
			isa = PBXProject;
			attributes = {
				LastSwiftUpdateCheck = 0820;
				LastUpgradeCheck = 0820;
				ORGANIZATIONNAME = Cappillen;
				TargetAttributes = {
					B37D988B1E74D20A003EC4E9 = {
						CreatedOnToolsVersion = 8.2.1;
						DevelopmentTeam = 6E9XW5U7WR;
						ProvisioningStyle = Automatic;
					};
				};
			};
			buildConfigurationList = B37D98871E74D20A003EC4E9 /* Build configuration list for PBXProject "HoppyBunny" */;
			compatibilityVersion = "Xcode 3.2";
			developmentRegion = English;
			hasScannedForEncodings = 0;
			knownRegions = (
				en,
				Base,
			);
			mainGroup = B37D98831E74D20A003EC4E9;
			productRefGroup = B37D988D1E74D20B003EC4E9 /* Products */;
			projectDirPath = "";
			projectRoot = "";
			targets = (
				B37D988B1E74D20A003EC4E9 /* HoppyBunny */,
			);
		};
/* End PBXProject section */

/* Begin PBXResourcesBuildPhase section */
		B37D988A1E74D20A003EC4E9 /* Resources */ = {
			isa = PBXResourcesBuildPhase;
			buildActionMask = 2147483647;
			files = (
				B37D989B1E74D20B003EC4E9 /* Main.storyboard in Resources */,
				B37D98921E74D20B003EC4E9 /* GameScene.sks in Resources */,
				B37D989D1E74D20B003EC4E9 /* Assets.xcassets in Resources */,
				B37D98AB1E74D294003EC4E9 /* sfx_goal.caf in Resources */,
				B37D98A01E74D20B003EC4E9 /* LaunchScreen.storyboard in Resources */,
				B37D98AD1E74D3F2003EC4E9 /* Hero.sks in Resources */,
				B32383081E78C9E90080D115 /* GameEffects.sks in Resources */,
				B37D98941E74D20B003EC4E9 /* Actions.sks in Resources */,
				B37D98AA1E74D294003EC4E9 /* sfx_flap.caf in Resources */,
				B3677C061E761E5F00FB4933 /* Obstacle.sks in Resources */,
			);
			runOnlyForDeploymentPostprocessing = 0;
		};
/* End PBXResourcesBuildPhase section */

/* Begin PBXSourcesBuildPhase section */
		B37D98881E74D20A003EC4E9 /* Sources */ = {
			isa = PBXSourcesBuildPhase;
			buildActionMask = 2147483647;
			files = (
				B37D98961E74D20B003EC4E9 /* GameScene.swift in Sources */,
				B37D98981E74D20B003EC4E9 /* GameViewController.swift in Sources */,
				B37D98AF1E74DAF3003EC4E9 /* CGFloat+Extensions.swift in Sources */,
				B37D98901E74D20B003EC4E9 /* AppDelegate.swift in Sources */,
				B3677C081E762A4200FB4933 /* MSButtonNode.swift in Sources */,
			);
			runOnlyForDeploymentPostprocessing = 0;
		};
/* End PBXSourcesBuildPhase section */

/* Begin PBXVariantGroup section */
		B37D98991E74D20B003EC4E9 /* Main.storyboard */ = {
			isa = PBXVariantGroup;
			children = (
				B37D989A1E74D20B003EC4E9 /* Base */,
			);
			name = Main.storyboard;
			sourceTree = "<group>";
		};
		B37D989E1E74D20B003EC4E9 /* LaunchScreen.storyboard */ = {
			isa = PBXVariantGroup;
			children = (
				B37D989F1E74D20B003EC4E9 /* Base */,
			);
			name = LaunchScreen.storyboard;
			sourceTree = "<group>";
		};
/* End PBXVariantGroup section */

/* Begin XCBuildConfiguration section */
		B37D98A21E74D20B003EC4E9 /* Debug */ = {
			isa = XCBuildConfiguration;
			buildSettings = {
				ALWAYS_SEARCH_USER_PATHS = NO;
				CLANG_ANALYZER_NONNULL = YES;
				CLANG_CXX_LANGUAGE_STANDARD = "gnu++0x";
				CLANG_CXX_LIBRARY = "libc++";
				CLANG_ENABLE_MODULES = YES;
				CLANG_ENABLE_OBJC_ARC = YES;
				CLANG_WARN_BOOL_CONVERSION = YES;
				CLANG_WARN_CONSTANT_CONVERSION = YES;
				CLANG_WARN_DIRECT_OBJC_ISA_USAGE = YES_ERROR;
				CLANG_WARN_DOCUMENTATION_COMMENTS = YES;
				CLANG_WARN_EMPTY_BODY = YES;
				CLANG_WARN_ENUM_CONVERSION = YES;
				CLANG_WARN_INFINITE_RECURSION = YES;
				CLANG_WARN_INT_CONVERSION = YES;
				CLANG_WARN_OBJC_ROOT_CLASS = YES_ERROR;
				CLANG_WARN_SUSPICIOUS_MOVE = YES;
				CLANG_WARN_UNREACHABLE_CODE = YES;
				CLANG_WARN__DUPLICATE_METHOD_MATCH = YES;
				"CODE_SIGN_IDENTITY[sdk=iphoneos*]" = "iPhone Developer";
				COPY_PHASE_STRIP = NO;
				DEBUG_INFORMATION_FORMAT = dwarf;
				ENABLE_STRICT_OBJC_MSGSEND = YES;
				ENABLE_TESTABILITY = YES;
				GCC_C_LANGUAGE_STANDARD = gnu99;
				GCC_DYNAMIC_NO_PIC = NO;
				GCC_NO_COMMON_BLOCKS = YES;
				GCC_OPTIMIZATION_LEVEL = 0;
				GCC_PREPROCESSOR_DEFINITIONS = (
					"DEBUG=1",
					"$(inherited)",
				);
				GCC_WARN_64_TO_32_BIT_CONVERSION = YES;
				GCC_WARN_ABOUT_RETURN_TYPE = YES_ERROR;
				GCC_WARN_UNDECLARED_SELECTOR = YES;
				GCC_WARN_UNINITIALIZED_AUTOS = YES_AGGRESSIVE;
				GCC_WARN_UNUSED_FUNCTION = YES;
				GCC_WARN_UNUSED_VARIABLE = YES;
				IPHONEOS_DEPLOYMENT_TARGET = 10.2;
				MTL_ENABLE_DEBUG_INFO = YES;
				ONLY_ACTIVE_ARCH = YES;
				SDKROOT = iphoneos;
				SWIFT_ACTIVE_COMPILATION_CONDITIONS = DEBUG;
				SWIFT_OPTIMIZATION_LEVEL = "-Onone";
			};
			name = Debug;
		};
		B37D98A31E74D20B003EC4E9 /* Release */ = {
			isa = XCBuildConfiguration;
			buildSettings = {
				ALWAYS_SEARCH_USER_PATHS = NO;
				CLANG_ANALYZER_NONNULL = YES;
				CLANG_CXX_LANGUAGE_STANDARD = "gnu++0x";
				CLANG_CXX_LIBRARY = "libc++";
				CLANG_ENABLE_MODULES = YES;
				CLANG_ENABLE_OBJC_ARC = YES;
				CLANG_WARN_BOOL_CONVERSION = YES;
				CLANG_WARN_CONSTANT_CONVERSION = YES;
				CLANG_WARN_DIRECT_OBJC_ISA_USAGE = YES_ERROR;
				CLANG_WARN_DOCUMENTATION_COMMENTS = YES;
				CLANG_WARN_EMPTY_BODY = YES;
				CLANG_WARN_ENUM_CONVERSION = YES;
				CLANG_WARN_INFINITE_RECURSION = YES;
				CLANG_WARN_INT_CONVERSION = YES;
				CLANG_WARN_OBJC_ROOT_CLASS = YES_ERROR;
				CLANG_WARN_SUSPICIOUS_MOVE = YES;
				CLANG_WARN_UNREACHABLE_CODE = YES;
				CLANG_WARN__DUPLICATE_METHOD_MATCH = YES;
				"CODE_SIGN_IDENTITY[sdk=iphoneos*]" = "iPhone Developer";
				COPY_PHASE_STRIP = NO;
				DEBUG_INFORMATION_FORMAT = "dwarf-with-dsym";
				ENABLE_NS_ASSERTIONS = NO;
				ENABLE_STRICT_OBJC_MSGSEND = YES;
				GCC_C_LANGUAGE_STANDARD = gnu99;
				GCC_NO_COMMON_BLOCKS = YES;
				GCC_WARN_64_TO_32_BIT_CONVERSION = YES;
				GCC_WARN_ABOUT_RETURN_TYPE = YES_ERROR;
				GCC_WARN_UNDECLARED_SELECTOR = YES;
				GCC_WARN_UNINITIALIZED_AUTOS = YES_AGGRESSIVE;
				GCC_WARN_UNUSED_FUNCTION = YES;
				GCC_WARN_UNUSED_VARIABLE = YES;
				IPHONEOS_DEPLOYMENT_TARGET = 10.2;
				MTL_ENABLE_DEBUG_INFO = NO;
				SDKROOT = iphoneos;
				SWIFT_OPTIMIZATION_LEVEL = "-Owholemodule";
				VALIDATE_PRODUCT = YES;
			};
			name = Release;
		};
		B37D98A51E74D20B003EC4E9 /* Debug */ = {
			isa = XCBuildConfiguration;
			buildSettings = {
				ASSETCATALOG_COMPILER_APPICON_NAME = AppIcon;
				DEVELOPMENT_TEAM = 6E9XW5U7WR;
				INFOPLIST_FILE = HoppyBunny/Info.plist;
				LD_RUNPATH_SEARCH_PATHS = "$(inherited) @executable_path/Frameworks";
				PRODUCT_BUNDLE_IDENTIFIER = com.cap.HoppyBunny;
				PRODUCT_NAME = "$(TARGET_NAME)";
				SWIFT_VERSION = 3.0;
			};
			name = Debug;
		};
		B37D98A61E74D20B003EC4E9 /* Release */ = {
			isa = XCBuildConfiguration;
			buildSettings = {
				ASSETCATALOG_COMPILER_APPICON_NAME = AppIcon;
				DEVELOPMENT_TEAM = 6E9XW5U7WR;
				INFOPLIST_FILE = HoppyBunny/Info.plist;
				LD_RUNPATH_SEARCH_PATHS = "$(inherited) @executable_path/Frameworks";
				PRODUCT_BUNDLE_IDENTIFIER = com.cap.HoppyBunny;
				PRODUCT_NAME = "$(TARGET_NAME)";
				SWIFT_VERSION = 3.0;
			};
			name = Release;
		};
/* End XCBuildConfiguration section */

/* Begin XCConfigurationList section */
		B37D98871E74D20A003EC4E9 /* Build configuration list for PBXProject "HoppyBunny" */ = {
			isa = XCConfigurationList;
			buildConfigurations = (
				B37D98A21E74D20B003EC4E9 /* Debug */,
				B37D98A31E74D20B003EC4E9 /* Release */,
			);
			defaultConfigurationIsVisible = 0;
			defaultConfigurationName = Release;
		};
		B37D98A41E74D20B003EC4E9 /* Build configuration list for PBXNativeTarget "HoppyBunny" */ = {
			isa = XCConfigurationList;
			buildConfigurations = (
				B37D98A51E74D20B003EC4E9 /* Debug */,
				B37D98A61E74D20B003EC4E9 /* Release */,
			);
			defaultConfigurationIsVisible = 0;
			defaultConfigurationName = Release;
		};
/* End XCConfigurationList section */
	};
	rootObject = B37D98841E74D20A003EC4E9 /* Project object */;
}
